.age/         2026-05-31T17:17:56.771305667Z b909471c3190365a912920c9adac57c0508d14b9955be18b1b3263db25ce00f2
.entrypoint/  2026-05-31T16:43:06.146001129Z b7407bedd3fd71509464f3fdffd0cee8c518fa735bd69a93472728c1dec53981
.git/         2026-05-31T17:24:29.855483813Z afd283389eec30b7bd4e98b234296dadda0e68d16b1d4d1f2db427a6d2299529
.gitignore    2026-05-31T16:43:06.146399923Z 6b45e55fba7e6ee1b4aeaec853c7ce684f3981dceb51a33bd01f441080bc5a85
.secrets      2026-05-31T16:43:06.146556299Z 19e8cdb1d1f9cdf17d080472939026e9a1574f9b33a99e1d14070ef1cf1324dc
.shellcheckrc 2026-05-08T21:35:08.526410188Z e36c310a59d5e098b9cf37463d620af06b3a1470bc0db6e35dd315232bebc2ed
