.age/         2026-05-31T17:17:56.771305667Z 18dbf077331f4661c477ee0d951149bd0e1e80b3e8a9aa9b436c95dbe779f3de
.entrypoint/  2026-05-31T16:43:06.146001129Z b7407bedd3fd71509464f3fdffd0cee8c518fa735bd69a93472728c1dec53981
.git/         2026-05-31T17:22:31.071782761Z 8a5de7a84f60522ec045b670c1652674c8bf6c846afd1b1e2233f482554a5706
.gitignore    2026-05-31T16:43:06.146399923Z 6b45e55fba7e6ee1b4aeaec853c7ce684f3981dceb51a33bd01f441080bc5a85
.secrets      2026-05-31T16:43:06.146556299Z 19e8cdb1d1f9cdf17d080472939026e9a1574f9b33a99e1d14070ef1cf1324dc
.shellcheckrc 2026-05-08T21:35:08.526410188Z e36c310a59d5e098b9cf37463d620af06b3a1470bc0db6e35dd315232bebc2ed
